
Microsoft Visual Studio Solution File, Format Version 12.00
# Visual Studio 15
VisualStudioVersion = 15.0.26730.16
MinimumVisualStudioVersion = 10.0.40219.1
Project("{8BC9CEB8-8B4A-11D0-8D11-00A0C91BC942}") = "P20", "P20\P20.vcxproj", "{05CCC85F-86D0-4475-982D-0F5E08CA7A47}"
EndProject
Global
	GlobalSection(SolutionConfigurationPlatforms) = preSolution
		Debug|x64 = Debug|x64
		Debug|x86 = Debug|x86
		Release|x64 = Release|x64
		Release|x86 = Release|x86
	EndGlobalSection
	GlobalSection(ProjectConfigurationPlatforms) = postSolution
		{05CCC85F-86D0-4475-982D-0F5E08CA7A47}.Debug|x64.ActiveCfg = Debug|x64
		{05CCC85F-86D0-4475-982D-0F5E08CA7A47}.Debug|x64.Build.0 = Debug|x64
		{05CCC85F-86D0-4475-982D-0F5E08CA7A47}.Debug|x86.ActiveCfg = Debug|Win32
		{05CCC85F-86D0-4475-982D-0F5E08CA7A47}.Debug|x86.Build.0 = Debug|Win32
		{05CCC85F-86D0-4475-982D-0F5E08CA7A47}.Release|x64.ActiveCfg = Release|x64
		{05CCC85F-86D0-4475-982D-0F5E08CA7A47}.Release|x64.Build.0 = Release|x64
		{05CCC85F-86D0-4475-982D-0F5E08CA7A47}.Release|x86.ActiveCfg = Release|Win32
		{05CCC85F-86D0-4475-982D-0F5E08CA7A47}.Release|x86.Build.0 = Release|Win32
	EndGlobalSection
	GlobalSection(SolutionProperties) = preSolution
		HideSolutionNode = FALSE
	EndGlobalSection
	GlobalSection(ExtensibilityGlobals) = postSolution
		SolutionGuid = {9548786E-ACE3-4C8A-8B47-2CD39346E475}
	EndGlobalSection
EndGlobal
